
Microsoft Visual Studio Solution File, Format Version 12.00
# Visual Studio Version 17
VisualStudioVersion = 17.5.33627.172
MinimumVisualStudioVersion = 10.0.40219.1
Project("{FAE04EC0-301F-11D3-BF4B-00C04F79EFBC}") = "ConnectFour", "ConnectFour\ConnectFour.csproj", "{C94A81FB-1080-414E-B393-5CDD98E18B21}"
EndProject
Global
	GlobalSection(SolutionConfigurationPlatforms) = preSolution
		Debug|Any CPU = Debug|Any CPU
		Release|Any CPU = Release|Any CPU
	EndGlobalSection
	GlobalSection(ProjectConfigurationPlatforms) = postSolution
		{C94A81FB-1080-414E-B393-5CDD98E18B21}.Debug|Any CPU.ActiveCfg = Debug|Any CPU
		{C94A81FB-1080-414E-B393-5CDD98E18B21}.Debug|Any CPU.Build.0 = Debug|Any CPU
		{C94A81FB-1080-414E-B393-5CDD98E18B21}.Release|Any CPU.ActiveCfg = Release|Any CPU
		{C94A81FB-1080-414E-B393-5CDD98E18B21}.Release|Any CPU.Build.0 = Release|Any CPU
	EndGlobalSection
	GlobalSection(SolutionProperties) = preSolution
		HideSolutionNode = FALSE
	EndGlobalSection
	GlobalSection(ExtensibilityGlobals) = postSolution
		SolutionGuid = {211C1569-E851-4B97-955F-8D3A899B7ADB}
	EndGlobalSection
EndGlobal
