
Microsoft Visual Studio Solution File, Format Version 12.00
Project("{FAE04EC0-301F-11D3-BF4B-00C04F79EFBC}") = "poo.Interfaces", "poo.Interfaces\poo.Interfaces.csproj", "{10FC37D6-16D9-4458-9027-C6D2B85525DE}"
EndProject
Project("{FAE04EC0-301F-11D3-BF4B-00C04F79EFBC}") = "poo.Recipes", "poo.Recipes\poo.Recipes.csproj", "{AD2296DF-A393-4A49-9B22-51FDE7BEA5BC}"
EndProject
Global
	GlobalSection(SolutionConfigurationPlatforms) = preSolution
		Debug|Any CPU = Debug|Any CPU
		Release|Any CPU = Release|Any CPU
	EndGlobalSection
	GlobalSection(ProjectConfigurationPlatforms) = postSolution
		{10FC37D6-16D9-4458-9027-C6D2B85525DE}.Debug|Any CPU.ActiveCfg = Debug|Any CPU
		{10FC37D6-16D9-4458-9027-C6D2B85525DE}.Debug|Any CPU.Build.0 = Debug|Any CPU
		{10FC37D6-16D9-4458-9027-C6D2B85525DE}.Release|Any CPU.ActiveCfg = Release|Any CPU
		{10FC37D6-16D9-4458-9027-C6D2B85525DE}.Release|Any CPU.Build.0 = Release|Any CPU
		{AD2296DF-A393-4A49-9B22-51FDE7BEA5BC}.Debug|Any CPU.ActiveCfg = Debug|Any CPU
		{AD2296DF-A393-4A49-9B22-51FDE7BEA5BC}.Debug|Any CPU.Build.0 = Debug|Any CPU
		{AD2296DF-A393-4A49-9B22-51FDE7BEA5BC}.Release|Any CPU.ActiveCfg = Release|Any CPU
		{AD2296DF-A393-4A49-9B22-51FDE7BEA5BC}.Release|Any CPU.Build.0 = Release|Any CPU
	EndGlobalSection
EndGlobal
